
Microsoft Visual Studio Solution File, Format Version 12.00
# Visual Studio Version 17
VisualStudioVersion = 17.4.33213.308
MinimumVisualStudioVersion = 10.0.40219.1
Project("{9A19103F-16F7-4668-BE54-9A1E7A4F7556}") = "Auth", "Auth\Auth.csproj", "{71D3BFC3-87F8-4DCE-AB14-48706171C22A}"
	ProjectSection(ProjectDependencies) = postProject
		{48C79871-37EE-40F9-86B7-C73576129156} = {48C79871-37EE-40F9-86B7-C73576129156}
	EndProjectSection
EndProject
Project("{9A19103F-16F7-4668-BE54-9A1E7A4F7556}") = "Backend.BL", "backend.BL\Backend.BL.csproj", "{3E3FEDF4-0559-4A66-B25F-26646C785F73}"
	ProjectSection(ProjectDependencies) = postProject
		{57DC8880-E00F-469D-9C74-E1C21CFF9C51} = {57DC8880-E00F-469D-9C74-E1C21CFF9C51}
		{A760C2B4-AE67-465F-B537-EDE2D9D9C0C4} = {A760C2B4-AE67-465F-B537-EDE2D9D9C0C4}
		{CF2BE87D-ADEF-4830-A604-4A287377C70D} = {CF2BE87D-ADEF-4830-A604-4A287377C70D}
	EndProjectSection
EndProject
Project("{9A19103F-16F7-4668-BE54-9A1E7A4F7556}") = "Backend.DAL", "Backend.DAL\Backend.DAL.csproj", "{84262C68-3D79-4159-BD82-A62939096188}"
	ProjectSection(ProjectDependencies) = postProject
		{48C79871-37EE-40F9-86B7-C73576129156} = {48C79871-37EE-40F9-86B7-C73576129156}
	EndProjectSection
EndProject
Project("{2150E333-8FDC-42A3-9474-1A3956D46DE8}") = "Common", "Common", "{AF7930E3-00BA-4869-9DB2-380C4F1631FB}"
EndProject
Project("{9A19103F-16F7-4668-BE54-9A1E7A4F7556}") = "AdminPanelMVC", "AdminPanelMVC\AdminPanelMVC.csproj", "{AC33DC15-C815-4258-A3B8-E77D165586E0}"
	ProjectSection(ProjectDependencies) = postProject
		{42D84D71-C5BE-464D-B125-E977F3C83661} = {42D84D71-C5BE-464D-B125-E977F3C83661}
		{76C6BD21-F6F0-4E79-BC3C-9DBF0CB5E2E6} = {76C6BD21-F6F0-4E79-BC3C-9DBF0CB5E2E6}
	EndProjectSection
EndProject
Project("{9A19103F-16F7-4668-BE54-9A1E7A4F7556}") = "Auth.DAL", "Auth.DAL\Auth.DAL.csproj", "{F3F59C1C-7F36-4177-B039-5FC6C3371D85}"
EndProject
Project("{9A19103F-16F7-4668-BE54-9A1E7A4F7556}") = "Auth.BL", "Auth.BL\Auth.BL.csproj", "{911CC8D4-EEC6-4D93-A95C-2A0BDFD7E5F4}"
	ProjectSection(ProjectDependencies) = postProject
		{F3F59C1C-7F36-4177-B039-5FC6C3371D85} = {F3F59C1C-7F36-4177-B039-5FC6C3371D85}
	EndProjectSection
EndProject
Project("{9A19103F-16F7-4668-BE54-9A1E7A4F7556}") = "AdminPanel.DAL", "AdminPanel.DAL\AdminPanel.DAL.csproj", "{119A9F9F-092F-4CEA-AA3D-AC106F568798}"
EndProject
Project("{9A19103F-16F7-4668-BE54-9A1E7A4F7556}") = "AdmipPanel.BL", "AdmipPanel.BL\AdmipPanel.BL.csproj", "{42D84D71-C5BE-464D-B125-E977F3C83661}"
	ProjectSection(ProjectDependencies) = postProject
		{119A9F9F-092F-4CEA-AA3D-AC106F568798} = {119A9F9F-092F-4CEA-AA3D-AC106F568798}
	EndProjectSection
EndProject
Project("{2150E333-8FDC-42A3-9474-1A3956D46DE8}") = "DTO", "DTO", "{CA4D7B63-7448-4467-BB22-649436814276}"
EndProject
Project("{2150E333-8FDC-42A3-9474-1A3956D46DE8}") = "Interfaces", "Interfaces", "{BA171023-6F29-4DEE-9D55-7D8CFD5C1A43}"
EndProject
Project("{2150E333-8FDC-42A3-9474-1A3956D46DE8}") = "Extensions", "Extensions", "{00F2093A-B0C6-4F60-BD40-74188D6F32DD}"
EndProject
Project("{2150E333-8FDC-42A3-9474-1A3956D46DE8}") = "Exceptions", "Exceptions", "{F991F924-3D1E-40FF-BD6B-BD5DF929B3F3}"
EndProject
Project("{9A19103F-16F7-4668-BE54-9A1E7A4F7556}") = "Backend.API", "Backend.API\Backend.API.csproj", "{39855A0D-1FCE-4DC1-AEFA-4CB089660911}"
	ProjectSection(ProjectDependencies) = postProject
		{A760C2B4-AE67-465F-B537-EDE2D9D9C0C4} = {A760C2B4-AE67-465F-B537-EDE2D9D9C0C4}
	EndProjectSection
EndProject
Project("{9A19103F-16F7-4668-BE54-9A1E7A4F7556}") = "Common.BackendInterfaces", "BackendInterfaces\Common.BackendInterfaces.csproj", "{CF2BE87D-ADEF-4830-A604-4A287377C70D}"
EndProject
Project("{9A19103F-16F7-4668-BE54-9A1E7A4F7556}") = "Common.DTO", "Common.DTO\Common.DTO.csproj", "{24A08BF4-6EB9-496F-B743-F317D622CD36}"
EndProject
Project("{2150E333-8FDC-42A3-9474-1A3956D46DE8}") = "Enum", "Enum", "{5554223E-AF11-4473-9424-B446A1F2AC27}"
EndProject
Project("{9A19103F-16F7-4668-BE54-9A1E7A4F7556}") = "Common.Enums", "Enums\Common.Enums.csproj", "{48C79871-37EE-40F9-86B7-C73576129156}"
EndProject
Project("{9A19103F-16F7-4668-BE54-9A1E7A4F7556}") = "AuthInterfaces", "AuthInterfaces\AuthInterfaces.csproj", "{810B52EC-8037-41B3-B34F-BBA2D265D896}"
EndProject
Project("{2150E333-8FDC-42A3-9474-1A3956D46DE8}") = "Common things", "Common things", "{55DC8315-C91C-4A90-A48B-AA47BF1CBE3D}"
EndProject
Project("{9A19103F-16F7-4668-BE54-9A1E7A4F7556}") = "CoomonThings", "jwtConfiguration\CoomonThings.csproj", "{57DC8880-E00F-469D-9C74-E1C21CFF9C51}"
EndProject
Project("{9A19103F-16F7-4668-BE54-9A1E7A4F7556}") = "Common.AdminPanelInterfaces", "Common.AdmipPanelInterfaces\Common.AdminPanelInterfaces.csproj", "{74770D45-6E4F-4F79-A6B3-62D1137475D9}"
EndProject
Project("{9A19103F-16F7-4668-BE54-9A1E7A4F7556}") = "Common.Extensions", "Common.Extensions\Common.Extensions.csproj", "{76C6BD21-F6F0-4E79-BC3C-9DBF0CB5E2E6}"
EndProject
Project("{9A19103F-16F7-4668-BE54-9A1E7A4F7556}") = "Common.Exceptions", "Exceptions\Common.Exceptions.csproj", "{A760C2B4-AE67-465F-B537-EDE2D9D9C0C4}"
EndProject
Project("{9A19103F-16F7-4668-BE54-9A1E7A4F7556}") = "Notifications.API", "Notifications.API\Notifications.API.csproj", "{4BFC9E06-FC96-482E-8462-9EB9A8D4836D}"
EndProject
Project("{9A19103F-16F7-4668-BE54-9A1E7A4F7556}") = "Notifications.BL", "Notifications.BL\Notifications.BL.csproj", "{6244F61D-CB47-4814-969A-AA42ED532687}"
EndProject
Global
	GlobalSection(SolutionConfigurationPlatforms) = preSolution
		Debug|Any CPU = Debug|Any CPU
		Release|Any CPU = Release|Any CPU
	EndGlobalSection
	GlobalSection(ProjectConfigurationPlatforms) = postSolution
		{71D3BFC3-87F8-4DCE-AB14-48706171C22A}.Debug|Any CPU.ActiveCfg = Debug|Any CPU
		{71D3BFC3-87F8-4DCE-AB14-48706171C22A}.Debug|Any CPU.Build.0 = Debug|Any CPU
		{71D3BFC3-87F8-4DCE-AB14-48706171C22A}.Release|Any CPU.ActiveCfg = Release|Any CPU
		{71D3BFC3-87F8-4DCE-AB14-48706171C22A}.Release|Any CPU.Build.0 = Release|Any CPU
		{3E3FEDF4-0559-4A66-B25F-26646C785F73}.Debug|Any CPU.ActiveCfg = Debug|Any CPU
		{3E3FEDF4-0559-4A66-B25F-26646C785F73}.Debug|Any CPU.Build.0 = Debug|Any CPU
		{3E3FEDF4-0559-4A66-B25F-26646C785F73}.Release|Any CPU.ActiveCfg = Release|Any CPU
		{3E3FEDF4-0559-4A66-B25F-26646C785F73}.Release|Any CPU.Build.0 = Release|Any CPU
		{84262C68-3D79-4159-BD82-A62939096188}.Debug|Any CPU.ActiveCfg = Debug|Any CPU
		{84262C68-3D79-4159-BD82-A62939096188}.Debug|Any CPU.Build.0 = Debug|Any CPU
		{84262C68-3D79-4159-BD82-A62939096188}.Release|Any CPU.ActiveCfg = Release|Any CPU
		{84262C68-3D79-4159-BD82-A62939096188}.Release|Any CPU.Build.0 = Release|Any CPU
		{AC33DC15-C815-4258-A3B8-E77D165586E0}.Debug|Any CPU.ActiveCfg = Debug|Any CPU
		{AC33DC15-C815-4258-A3B8-E77D165586E0}.Debug|Any CPU.Build.0 = Debug|Any CPU
		{AC33DC15-C815-4258-A3B8-E77D165586E0}.Release|Any CPU.ActiveCfg = Release|Any CPU
		{AC33DC15-C815-4258-A3B8-E77D165586E0}.Release|Any CPU.Build.0 = Release|Any CPU
		{F3F59C1C-7F36-4177-B039-5FC6C3371D85}.Debug|Any CPU.ActiveCfg = Debug|Any CPU
		{F3F59C1C-7F36-4177-B039-5FC6C3371D85}.Debug|Any CPU.Build.0 = Debug|Any CPU
		{F3F59C1C-7F36-4177-B039-5FC6C3371D85}.Release|Any CPU.ActiveCfg = Release|Any CPU
		{F3F59C1C-7F36-4177-B039-5FC6C3371D85}.Release|Any CPU.Build.0 = Release|Any CPU
		{911CC8D4-EEC6-4D93-A95C-2A0BDFD7E5F4}.Debug|Any CPU.ActiveCfg = Debug|Any CPU
		{911CC8D4-EEC6-4D93-A95C-2A0BDFD7E5F4}.Debug|Any CPU.Build.0 = Debug|Any CPU
		{911CC8D4-EEC6-4D93-A95C-2A0BDFD7E5F4}.Release|Any CPU.ActiveCfg = Release|Any CPU
		{911CC8D4-EEC6-4D93-A95C-2A0BDFD7E5F4}.Release|Any CPU.Build.0 = Release|Any CPU
		{119A9F9F-092F-4CEA-AA3D-AC106F568798}.Debug|Any CPU.ActiveCfg = Debug|Any CPU
		{119A9F9F-092F-4CEA-AA3D-AC106F568798}.Debug|Any CPU.Build.0 = Debug|Any CPU
		{119A9F9F-092F-4CEA-AA3D-AC106F568798}.Release|Any CPU.ActiveCfg = Release|Any CPU
		{119A9F9F-092F-4CEA-AA3D-AC106F568798}.Release|Any CPU.Build.0 = Release|Any CPU
		{42D84D71-C5BE-464D-B125-E977F3C83661}.Debug|Any CPU.ActiveCfg = Debug|Any CPU
		{42D84D71-C5BE-464D-B125-E977F3C83661}.Debug|Any CPU.Build.0 = Debug|Any CPU
		{42D84D71-C5BE-464D-B125-E977F3C83661}.Release|Any CPU.ActiveCfg = Release|Any CPU
		{42D84D71-C5BE-464D-B125-E977F3C83661}.Release|Any CPU.Build.0 = Release|Any CPU
		{39855A0D-1FCE-4DC1-AEFA-4CB089660911}.Debug|Any CPU.ActiveCfg = Debug|Any CPU
		{39855A0D-1FCE-4DC1-AEFA-4CB089660911}.Debug|Any CPU.Build.0 = Debug|Any CPU
		{39855A0D-1FCE-4DC1-AEFA-4CB089660911}.Release|Any CPU.ActiveCfg = Release|Any CPU
		{39855A0D-1FCE-4DC1-AEFA-4CB089660911}.Release|Any CPU.Build.0 = Release|Any CPU
		{CF2BE87D-ADEF-4830-A604-4A287377C70D}.Debug|Any CPU.ActiveCfg = Debug|Any CPU
		{CF2BE87D-ADEF-4830-A604-4A287377C70D}.Debug|Any CPU.Build.0 = Debug|Any CPU
		{CF2BE87D-ADEF-4830-A604-4A287377C70D}.Release|Any CPU.ActiveCfg = Release|Any CPU
		{CF2BE87D-ADEF-4830-A604-4A287377C70D}.Release|Any CPU.Build.0 = Release|Any CPU
		{24A08BF4-6EB9-496F-B743-F317D622CD36}.Debug|Any CPU.ActiveCfg = Debug|Any CPU
		{24A08BF4-6EB9-496F-B743-F317D622CD36}.Debug|Any CPU.Build.0 = Debug|Any CPU
		{24A08BF4-6EB9-496F-B743-F317D622CD36}.Release|Any CPU.ActiveCfg = Release|Any CPU
		{24A08BF4-6EB9-496F-B743-F317D622CD36}.Release|Any CPU.Build.0 = Release|Any CPU
		{48C79871-37EE-40F9-86B7-C73576129156}.Debug|Any CPU.ActiveCfg = Debug|Any CPU
		{48C79871-37EE-40F9-86B7-C73576129156}.Debug|Any CPU.Build.0 = Debug|Any CPU
		{48C79871-37EE-40F9-86B7-C73576129156}.Release|Any CPU.ActiveCfg = Release|Any CPU
		{48C79871-37EE-40F9-86B7-C73576129156}.Release|Any CPU.Build.0 = Release|Any CPU
		{810B52EC-8037-41B3-B34F-BBA2D265D896}.Debug|Any CPU.ActiveCfg = Debug|Any CPU
		{810B52EC-8037-41B3-B34F-BBA2D265D896}.Debug|Any CPU.Build.0 = Debug|Any CPU
		{810B52EC-8037-41B3-B34F-BBA2D265D896}.Release|Any CPU.ActiveCfg = Release|Any CPU
		{810B52EC-8037-41B3-B34F-BBA2D265D896}.Release|Any CPU.Build.0 = Release|Any CPU
		{57DC8880-E00F-469D-9C74-E1C21CFF9C51}.Debug|Any CPU.ActiveCfg = Debug|Any CPU
		{57DC8880-E00F-469D-9C74-E1C21CFF9C51}.Debug|Any CPU.Build.0 = Debug|Any CPU
		{57DC8880-E00F-469D-9C74-E1C21CFF9C51}.Release|Any CPU.ActiveCfg = Release|Any CPU
		{57DC8880-E00F-469D-9C74-E1C21CFF9C51}.Release|Any CPU.Build.0 = Release|Any CPU
		{74770D45-6E4F-4F79-A6B3-62D1137475D9}.Debug|Any CPU.ActiveCfg = Debug|Any CPU
		{74770D45-6E4F-4F79-A6B3-62D1137475D9}.Debug|Any CPU.Build.0 = Debug|Any CPU
		{74770D45-6E4F-4F79-A6B3-62D1137475D9}.Release|Any CPU.ActiveCfg = Release|Any CPU
		{74770D45-6E4F-4F79-A6B3-62D1137475D9}.Release|Any CPU.Build.0 = Release|Any CPU
		{76C6BD21-F6F0-4E79-BC3C-9DBF0CB5E2E6}.Debug|Any CPU.ActiveCfg = Debug|Any CPU
		{76C6BD21-F6F0-4E79-BC3C-9DBF0CB5E2E6}.Debug|Any CPU.Build.0 = Debug|Any CPU
		{76C6BD21-F6F0-4E79-BC3C-9DBF0CB5E2E6}.Release|Any CPU.ActiveCfg = Release|Any CPU
		{76C6BD21-F6F0-4E79-BC3C-9DBF0CB5E2E6}.Release|Any CPU.Build.0 = Release|Any CPU
		{A760C2B4-AE67-465F-B537-EDE2D9D9C0C4}.Debug|Any CPU.ActiveCfg = Debug|Any CPU
		{A760C2B4-AE67-465F-B537-EDE2D9D9C0C4}.Debug|Any CPU.Build.0 = Debug|Any CPU
		{A760C2B4-AE67-465F-B537-EDE2D9D9C0C4}.Release|Any CPU.ActiveCfg = Release|Any CPU
		{A760C2B4-AE67-465F-B537-EDE2D9D9C0C4}.Release|Any CPU.Build.0 = Release|Any CPU
		{4BFC9E06-FC96-482E-8462-9EB9A8D4836D}.Debug|Any CPU.ActiveCfg = Debug|Any CPU
		{4BFC9E06-FC96-482E-8462-9EB9A8D4836D}.Debug|Any CPU.Build.0 = Debug|Any CPU
		{4BFC9E06-FC96-482E-8462-9EB9A8D4836D}.Release|Any CPU.ActiveCfg = Release|Any CPU
		{4BFC9E06-FC96-482E-8462-9EB9A8D4836D}.Release|Any CPU.Build.0 = Release|Any CPU
		{6244F61D-CB47-4814-969A-AA42ED532687}.Debug|Any CPU.ActiveCfg = Debug|Any CPU
		{6244F61D-CB47-4814-969A-AA42ED532687}.Debug|Any CPU.Build.0 = Debug|Any CPU
		{6244F61D-CB47-4814-969A-AA42ED532687}.Release|Any CPU.ActiveCfg = Release|Any CPU
		{6244F61D-CB47-4814-969A-AA42ED532687}.Release|Any CPU.Build.0 = Release|Any CPU
	EndGlobalSection
	GlobalSection(SolutionProperties) = preSolution
		HideSolutionNode = FALSE
	EndGlobalSection
	GlobalSection(NestedProjects) = preSolution
		{CA4D7B63-7448-4467-BB22-649436814276} = {AF7930E3-00BA-4869-9DB2-380C4F1631FB}
		{BA171023-6F29-4DEE-9D55-7D8CFD5C1A43} = {AF7930E3-00BA-4869-9DB2-380C4F1631FB}
		{00F2093A-B0C6-4F60-BD40-74188D6F32DD} = {AF7930E3-00BA-4869-9DB2-380C4F1631FB}
		{F991F924-3D1E-40FF-BD6B-BD5DF929B3F3} = {AF7930E3-00BA-4869-9DB2-380C4F1631FB}
		{CF2BE87D-ADEF-4830-A604-4A287377C70D} = {BA171023-6F29-4DEE-9D55-7D8CFD5C1A43}
		{24A08BF4-6EB9-496F-B743-F317D622CD36} = {CA4D7B63-7448-4467-BB22-649436814276}
		{5554223E-AF11-4473-9424-B446A1F2AC27} = {AF7930E3-00BA-4869-9DB2-380C4F1631FB}
		{48C79871-37EE-40F9-86B7-C73576129156} = {5554223E-AF11-4473-9424-B446A1F2AC27}
		{810B52EC-8037-41B3-B34F-BBA2D265D896} = {BA171023-6F29-4DEE-9D55-7D8CFD5C1A43}
		{55DC8315-C91C-4A90-A48B-AA47BF1CBE3D} = {AF7930E3-00BA-4869-9DB2-380C4F1631FB}
		{57DC8880-E00F-469D-9C74-E1C21CFF9C51} = {55DC8315-C91C-4A90-A48B-AA47BF1CBE3D}
		{74770D45-6E4F-4F79-A6B3-62D1137475D9} = {BA171023-6F29-4DEE-9D55-7D8CFD5C1A43}
		{76C6BD21-F6F0-4E79-BC3C-9DBF0CB5E2E6} = {00F2093A-B0C6-4F60-BD40-74188D6F32DD}
		{A760C2B4-AE67-465F-B537-EDE2D9D9C0C4} = {F991F924-3D1E-40FF-BD6B-BD5DF929B3F3}
	EndGlobalSection
	GlobalSection(ExtensibilityGlobals) = postSolution
		SolutionGuid = {C3A511A0-D209-412A-AE14-A8893ADB0B6A}
	EndGlobalSection
EndGlobal
